
Microsoft Visual Studio Solution File, Format Version 12.00
# Visual Studio Version 16
VisualStudioVersion = 16.0.29418.71
MinimumVisualStudioVersion = 15.0.26124.0
Project("{9A19103F-16F7-4668-BE54-9A1E7A4F7556}") = "nghe", "nghe\nghe.csproj", "{EA76300E-1AAC-4D57-A572-90674D9FA08F}"
EndProject
Project("{9A19103F-16F7-4668-BE54-9A1E7A4F7556}") = "nghe.tests", "nghe.tests\nghe.tests.csproj", "{174C0D66-9166-403D-A357-EDC9CCA22939}"
EndProject
Global
	GlobalSection(SolutionConfigurationPlatforms) = preSolution
		Debug|Any CPU = Debug|Any CPU
		Debug|x64 = Debug|x64
		Debug|x86 = Debug|x86
		Release|Any CPU = Release|Any CPU
		Release|x64 = Release|x64
		Release|x86 = Release|x86
	EndGlobalSection
	GlobalSection(ProjectConfigurationPlatforms) = postSolution
		{EA76300E-1AAC-4D57-A572-90674D9FA08F}.Debug|Any CPU.ActiveCfg = Debug|Any CPU
		{EA76300E-1AAC-4D57-A572-90674D9FA08F}.Debug|Any CPU.Build.0 = Debug|Any CPU
		{EA76300E-1AAC-4D57-A572-90674D9FA08F}.Debug|x64.ActiveCfg = Debug|Any CPU
		{EA76300E-1AAC-4D57-A572-90674D9FA08F}.Debug|x64.Build.0 = Debug|Any CPU
		{EA76300E-1AAC-4D57-A572-90674D9FA08F}.Debug|x86.ActiveCfg = Debug|Any CPU
		{EA76300E-1AAC-4D57-A572-90674D9FA08F}.Debug|x86.Build.0 = Debug|Any CPU
		{EA76300E-1AAC-4D57-A572-90674D9FA08F}.Release|Any CPU.ActiveCfg = Release|Any CPU
		{EA76300E-1AAC-4D57-A572-90674D9FA08F}.Release|Any CPU.Build.0 = Release|Any CPU
		{EA76300E-1AAC-4D57-A572-90674D9FA08F}.Release|x64.ActiveCfg = Release|Any CPU
		{EA76300E-1AAC-4D57-A572-90674D9FA08F}.Release|x64.Build.0 = Release|Any CPU
		{EA76300E-1AAC-4D57-A572-90674D9FA08F}.Release|x86.ActiveCfg = Release|Any CPU
		{EA76300E-1AAC-4D57-A572-90674D9FA08F}.Release|x86.Build.0 = Release|Any CPU
		{174C0D66-9166-403D-A357-EDC9CCA22939}.Debug|Any CPU.ActiveCfg = Debug|Any CPU
		{174C0D66-9166-403D-A357-EDC9CCA22939}.Debug|Any CPU.Build.0 = Debug|Any CPU
		{174C0D66-9166-403D-A357-EDC9CCA22939}.Debug|x64.ActiveCfg = Debug|Any CPU
		{174C0D66-9166-403D-A357-EDC9CCA22939}.Debug|x64.Build.0 = Debug|Any CPU
		{174C0D66-9166-403D-A357-EDC9CCA22939}.Debug|x86.ActiveCfg = Debug|Any CPU
		{174C0D66-9166-403D-A357-EDC9CCA22939}.Debug|x86.Build.0 = Debug|Any CPU
		{174C0D66-9166-403D-A357-EDC9CCA22939}.Release|Any CPU.ActiveCfg = Release|Any CPU
		{174C0D66-9166-403D-A357-EDC9CCA22939}.Release|Any CPU.Build.0 = Release|Any CPU
		{174C0D66-9166-403D-A357-EDC9CCA22939}.Release|x64.ActiveCfg = Release|Any CPU
		{174C0D66-9166-403D-A357-EDC9CCA22939}.Release|x64.Build.0 = Release|Any CPU
		{174C0D66-9166-403D-A357-EDC9CCA22939}.Release|x86.ActiveCfg = Release|Any CPU
		{174C0D66-9166-403D-A357-EDC9CCA22939}.Release|x86.Build.0 = Release|Any CPU
	EndGlobalSection
	GlobalSection(SolutionProperties) = preSolution
		HideSolutionNode = FALSE
	EndGlobalSection
	GlobalSection(ExtensibilityGlobals) = postSolution
		SolutionGuid = {52C8DB92-F738-463E-8BA6-FB8D4029C5DF}
	EndGlobalSection
EndGlobal
